
Microsoft Visual Studio Solution File, Format Version 12.00
# Visual Studio 14
VisualStudioVersion = 14.0.25420.1
MinimumVisualStudioVersion = 10.0.40219.1
Project("{FAE04EC0-301F-11D3-BF4B-00C04F79EFBC}") = "MvcApplicationTest", "MvcApplicationTest\MvcApplicationTest.csproj", "{B48694B5-65FB-43F7-A385-736B4A750479}"
EndProject
Project("{FAE04EC0-301F-11D3-BF4B-00C04F79EFBC}") = "MvcApplicationTest.Tests", "MvcApplicationTest.Tests\MvcApplicationTest.Tests.csproj", "{1744AC1E-9EBF-4FE0-8EA4-E729007545B3}"
EndProject
Project("{2150E333-8FDC-42A3-9474-1A3956D46DE8}") = ".github", ".github", "{D0977337-11F2-4546-A57B-F8DF3151859B}"
EndProject
Project("{2150E333-8FDC-42A3-9474-1A3956D46DE8}") = "workflows", "workflows", "{E117D086-D4A3-4CED-8622-D22EF262C87A}"
	ProjectSection(SolutionItems) = preProject
		pythonpkg.yml = pythonpkg.yml
	EndProjectSection
EndProject
Global
	GlobalSection(SolutionConfigurationPlatforms) = preSolution
		Debug|Any CPU = Debug|Any CPU
		Release|Any CPU = Release|Any CPU
	EndGlobalSection
	GlobalSection(ProjectConfigurationPlatforms) = postSolution
		{B48694B5-65FB-43F7-A385-736B4A750479}.Debug|Any CPU.ActiveCfg = Debug|Any CPU
		{B48694B5-65FB-43F7-A385-736B4A750479}.Debug|Any CPU.Build.0 = Debug|Any CPU
		{B48694B5-65FB-43F7-A385-736B4A750479}.Release|Any CPU.ActiveCfg = Release|Any CPU
		{B48694B5-65FB-43F7-A385-736B4A750479}.Release|Any CPU.Build.0 = Release|Any CPU
		{1744AC1E-9EBF-4FE0-8EA4-E729007545B3}.Debug|Any CPU.ActiveCfg = Debug|Any CPU
		{1744AC1E-9EBF-4FE0-8EA4-E729007545B3}.Debug|Any CPU.Build.0 = Debug|Any CPU
		{1744AC1E-9EBF-4FE0-8EA4-E729007545B3}.Release|Any CPU.ActiveCfg = Release|Any CPU
		{1744AC1E-9EBF-4FE0-8EA4-E729007545B3}.Release|Any CPU.Build.0 = Release|Any CPU
	EndGlobalSection
	GlobalSection(SolutionProperties) = preSolution
		HideSolutionNode = FALSE
	EndGlobalSection
	GlobalSection(NestedProjects) = preSolution
		{E117D086-D4A3-4CED-8622-D22EF262C87A} = {D0977337-11F2-4546-A57B-F8DF3151859B}
	EndGlobalSection
EndGlobal
